<?xml version="1.0" encoding="utf-8"?>
<Project ToolsVersion="4.0" xmlns="http://schemas.microsoft.com/developer/msbuild/2003">
  <ItemGroup>
    <Filter Include="Исходные файлы">
      <UniqueIdentifier>{4FC737F1-C7A5-4376-A066-2A32D752A2FF}</UniqueIdentifier>
      <Extensions>cpp;c;cc;cxx;c++;cppm;ixx;def;odl;idl;hpj;bat;asm;asmx</Extensions>
    </Filter>
    <Filter Include="Файлы заголовков">
      <UniqueIdentifier>{93995380-89BD-4b04-88EB-625FBE52EBFB}</UniqueIdentifier>
      <Extensions>h;hh;hpp;hxx;h++;hm;inl;inc;ipp;xsd</Extensions>
    </Filter>
    <Filter Include="Файлы ресурсов">
      <UniqueIdentifier>{67DA6AB6-F800-4c08-8B7A-83BB121AAD01}</UniqueIdentifier>
      <Extensions>rc;ico;cur;bmp;dlg;rc2;rct;bin;rgs;gif;jpg;jpeg;jpe;resx;tiff;tif;png;wav;mfcribbon-ms</Extensions>
    </Filter>
    <Filter Include="shaders">
      <UniqueIdentifier>{ba051070-d577-4176-9516-cd14ea95cd9b}</UniqueIdentifier>
    </Filter>
    <Filter Include="shaders\bin">
      <UniqueIdentifier>{7428e5e3-c77d-4790-aedd-3c75d8290d46}</UniqueIdentifier>
    </Filter>
  </ItemGroup>
  <ItemGroup>
    <None Include="shaders\bin\frag.spv">
      <Filter>shaders\bin</Filter>
    </None>
    <None Include="shaders\bin\vert.spv">
      <Filter>shaders\bin</Filter>
    </None>
    <None Include="shaders\compile.bat">
      <Filter>shaders</Filter>
    </None>
    <None Include="shaders\shader.frag">
      <Filter>shaders</Filter>
    </None>
    <None Include="shaders\shader.vert">
      <Filter>shaders</Filter>
    </None>
  </ItemGroup>
  <ItemGroup>
    <ClCompile Include="main.cpp">
      <Filter>Исходные файлы</Filter>
    </ClCompile>
    <ClCompile Include="Renderer.cpp">
      <Filter>Исходные файлы</Filter>
    </ClCompile>
    <ClCompile Include="vulkanWrapper\setupValidationLayers.cpp">
      <Filter>Исходные файлы</Filter>
    </ClCompile>
    <ClCompile Include="vulkanWrapper\vulkanWrapper.cpp">
      <Filter>Исходные файлы</Filter>
    </ClCompile>
    <ClCompile Include="vkSettings.cpp">
      <Filter>Исходные файлы</Filter>
    </ClCompile>
    <ClCompile Include="vulkanWrapper\extensionsCheck.cpp">
      <Filter>Исходные файлы</Filter>
    </ClCompile>
    <ClCompile Include="vulkanWrapper\queueFamilyIndices.cpp">
      <Filter>Исходные файлы</Filter>
    </ClCompile>
    <ClCompile Include="vulkanWrapper\setupDevices.cpp">
      <Filter>Исходные файлы</Filter>
    </ClCompile>
    <ClCompile Include="vulkanWrapper\setupSwapchain.cpp">
      <Filter>Исходные файлы</Filter>
    </ClCompile>
    <ClCompile Include="vkTools.cpp">
      <Filter>Исходные файлы</Filter>
    </ClCompile>
    <ClCompile Include="vulkanWrapper\Vertex.cpp">
      <Filter>Исходные файлы</Filter>
    </ClCompile>
    <ClCompile Include="vulkanWrapper\buffer.cpp">
      <Filter>Исходные файлы</Filter>
    </ClCompile>
  </ItemGroup>
  <ItemGroup>
    <ClInclude Include="Renderer.h">
      <Filter>Файлы заголовков</Filter>
    </ClInclude>
    <ClInclude Include="vulkanWrapper\vulkanWrapper.h">
      <Filter>Файлы заголовков</Filter>
    </ClInclude>
    <ClInclude Include="vulkanWrapper\queueFamilyIndices.h">
      <Filter>Файлы заголовков</Filter>
    </ClInclude>
    <ClInclude Include="vulkanWrapper\setupDevices.h">
      <Filter>Файлы заголовков</Filter>
    </ClInclude>
    <ClInclude Include="vulkanWrapper\setupValidationLayers.h">
      <Filter>Файлы заголовков</Filter>
    </ClInclude>
    <ClInclude Include="vkSettings.h">
      <Filter>Файлы заголовков</Filter>
    </ClInclude>
    <ClInclude Include="vulkanWrapper\extensionsCheck.h">
      <Filter>Файлы заголовков</Filter>
    </ClInclude>
    <ClInclude Include="vulkanWrapper\setupSwapchain.h">
      <Filter>Файлы заголовков</Filter>
    </ClInclude>
    <ClInclude Include="vkTools.h">
      <Filter>Файлы заголовков</Filter>
    </ClInclude>
    <ClInclude Include="vulkanWrapper\Vertex.h">
      <Filter>Файлы заголовков</Filter>
    </ClInclude>
    <ClInclude Include="vulkanWrapper\buffer.h">
      <Filter>Файлы заголовков</Filter>
    </ClInclude>
  </ItemGroup>
</Project>